
Microsoft Visual Studio Solution File, Format Version 12.00
# Visual Studio Version 16
VisualStudioVersion = 16.0.29806.167
MinimumVisualStudioVersion = 10.0.40219.1
Project("{9A19103F-16F7-4668-BE54-9A1E7A4F7556}") = "DataFixer", "DataFixer\DataFixer.csproj", "{99A93571-8EB6-4C62-8607-28A92EDF01C7}"
EndProject
Project("{2150E333-8FDC-42A3-9474-1A3956D46DE8}") = "Solution Items", "Solution Items", "{110E9344-5BC2-4BC4-A9F9-0F120A125582}"
	ProjectSection(SolutionItems) = preProject
		.editorconfig = .editorconfig
	EndProjectSection
EndProject
Global
	GlobalSection(SolutionConfigurationPlatforms) = preSolution
		Debug|Any CPU = Debug|Any CPU
		Release|Any CPU = Release|Any CPU
	EndGlobalSection
	GlobalSection(ProjectConfigurationPlatforms) = postSolution
		{99A93571-8EB6-4C62-8607-28A92EDF01C7}.Debug|Any CPU.ActiveCfg = Debug|Any CPU
		{99A93571-8EB6-4C62-8607-28A92EDF01C7}.Debug|Any CPU.Build.0 = Debug|Any CPU
		{99A93571-8EB6-4C62-8607-28A92EDF01C7}.Release|Any CPU.ActiveCfg = Release|Any CPU
		{99A93571-8EB6-4C62-8607-28A92EDF01C7}.Release|Any CPU.Build.0 = Release|Any CPU
	EndGlobalSection
	GlobalSection(SolutionProperties) = preSolution
		HideSolutionNode = FALSE
	EndGlobalSection
	GlobalSection(ExtensibilityGlobals) = postSolution
		SolutionGuid = {56E3415A-7BF5-44B9-9A73-8E566757E686}
	EndGlobalSection
EndGlobal
